
Microsoft Visual Studio Solution File, Format Version 12.00
# Visual Studio Version 16
VisualStudioVersion = 16.0.32510.428
MinimumVisualStudioVersion = 10.0.40219.1
Project("{FAE04EC0-301F-11D3-BF4B-00C04F79EFBC}") = "Урок4", "Урок4\Урок4.csproj", "{906C618B-BFCE-4063-A9BF-4542C2A864BC}"
EndProject
Global
	GlobalSection(SolutionConfigurationPlatforms) = preSolution
		Debug|Any CPU = Debug|Any CPU
		Release|Any CPU = Release|Any CPU
	EndGlobalSection
	GlobalSection(ProjectConfigurationPlatforms) = postSolution
		{906C618B-BFCE-4063-A9BF-4542C2A864BC}.Debug|Any CPU.ActiveCfg = Debug|Any CPU
		{906C618B-BFCE-4063-A9BF-4542C2A864BC}.Debug|Any CPU.Build.0 = Debug|Any CPU
		{906C618B-BFCE-4063-A9BF-4542C2A864BC}.Release|Any CPU.ActiveCfg = Release|Any CPU
		{906C618B-BFCE-4063-A9BF-4542C2A864BC}.Release|Any CPU.Build.0 = Release|Any CPU
	EndGlobalSection
	GlobalSection(SolutionProperties) = preSolution
		HideSolutionNode = FALSE
	EndGlobalSection
	GlobalSection(ExtensibilityGlobals) = postSolution
		SolutionGuid = {FE5B2340-CD6F-4D4C-9BCF-D65F1FEDB26E}
	EndGlobalSection
EndGlobal
